
Microsoft Visual Studio Solution File, Format Version 12.00
# Visual Studio Version 16
VisualStudioVersion = 16.0.31129.286
MinimumVisualStudioVersion = 10.0.40219.1
Project("{9A19103F-16F7-4668-BE54-9A1E7A4F7556}") = "DnD.Shared", "Shared\DnD.Shared.csproj", "{01A09651-A3C2-4A63-9AA0-EF8C0F09B38C}"
EndProject
Project("{9A19103F-16F7-4668-BE54-9A1E7A4F7556}") = "DnD.Char_Gen", "DnD.Char_Gen\DnD.Char_Gen.csproj", "{0EDE1913-DF95-43ED-A6F2-196801CDFAC3}"
EndProject
Project("{9A19103F-16F7-4668-BE54-9A1E7A4F7556}") = "DnD.City_Gen", "DnD.City_Gen\DnD.City_Gen.csproj", "{2E30A02D-CF2B-4984-97DB-B5E92E8F24DB}"
EndProject
Project("{FAE04EC0-301F-11D3-BF4B-00C04F79EFBC}") = "DnD.City_Gen_Test", "DnD.City_Gen_Test\DnD.City_Gen_Test.csproj", "{6813B522-B1E6-4167-871B-EB46591768B5}"
EndProject
Global
	GlobalSection(SolutionConfigurationPlatforms) = preSolution
		Debug|Any CPU = Debug|Any CPU
		Release|Any CPU = Release|Any CPU
	EndGlobalSection
	GlobalSection(ProjectConfigurationPlatforms) = postSolution
		{01A09651-A3C2-4A63-9AA0-EF8C0F09B38C}.Debug|Any CPU.ActiveCfg = Debug|Any CPU
		{01A09651-A3C2-4A63-9AA0-EF8C0F09B38C}.Debug|Any CPU.Build.0 = Debug|Any CPU
		{01A09651-A3C2-4A63-9AA0-EF8C0F09B38C}.Release|Any CPU.ActiveCfg = Release|Any CPU
		{01A09651-A3C2-4A63-9AA0-EF8C0F09B38C}.Release|Any CPU.Build.0 = Release|Any CPU
		{0EDE1913-DF95-43ED-A6F2-196801CDFAC3}.Debug|Any CPU.ActiveCfg = Debug|Any CPU
		{0EDE1913-DF95-43ED-A6F2-196801CDFAC3}.Debug|Any CPU.Build.0 = Debug|Any CPU
		{0EDE1913-DF95-43ED-A6F2-196801CDFAC3}.Release|Any CPU.ActiveCfg = Release|Any CPU
		{0EDE1913-DF95-43ED-A6F2-196801CDFAC3}.Release|Any CPU.Build.0 = Release|Any CPU
		{2E30A02D-CF2B-4984-97DB-B5E92E8F24DB}.Debug|Any CPU.ActiveCfg = Debug|Any CPU
		{2E30A02D-CF2B-4984-97DB-B5E92E8F24DB}.Debug|Any CPU.Build.0 = Debug|Any CPU
		{2E30A02D-CF2B-4984-97DB-B5E92E8F24DB}.Release|Any CPU.ActiveCfg = Release|Any CPU
		{2E30A02D-CF2B-4984-97DB-B5E92E8F24DB}.Release|Any CPU.Build.0 = Release|Any CPU
		{6813B522-B1E6-4167-871B-EB46591768B5}.Debug|Any CPU.ActiveCfg = Debug|Any CPU
		{6813B522-B1E6-4167-871B-EB46591768B5}.Debug|Any CPU.Build.0 = Debug|Any CPU
		{6813B522-B1E6-4167-871B-EB46591768B5}.Release|Any CPU.ActiveCfg = Release|Any CPU
		{6813B522-B1E6-4167-871B-EB46591768B5}.Release|Any CPU.Build.0 = Release|Any CPU
	EndGlobalSection
	GlobalSection(SolutionProperties) = preSolution
		HideSolutionNode = FALSE
	EndGlobalSection
	GlobalSection(ExtensibilityGlobals) = postSolution
		SolutionGuid = {C6223901-BA3F-491C-B2E3-481DABF3AC55}
	EndGlobalSection
EndGlobal
