
Microsoft Visual Studio Solution File, Format Version 12.00
# Visual Studio Version 16
VisualStudioVersion = 16.0.31129.286
MinimumVisualStudioVersion = 10.0.40219.1
Project("{9A19103F-16F7-4668-BE54-9A1E7A4F7556}") = "DnD.Shared", "Shared\DnD.Shared.csproj", "{01A09651-A3C2-4A63-9AA0-EF8C0F09B38C}"
EndProject
Project("{9A19103F-16F7-4668-BE54-9A1E7A4F7556}") = "DnD.Char_Gen", "DnD_Char_Gen\DnD.Char_Gen.csproj", "{5F4FC157-ABF5-48B4-95BB-1A62A6DB1BCA}"
EndProject
Global
	GlobalSection(SolutionConfigurationPlatforms) = preSolution
		Debug|Any CPU = Debug|Any CPU
		Release|Any CPU = Release|Any CPU
	EndGlobalSection
	GlobalSection(ProjectConfigurationPlatforms) = postSolution
		{01A09651-A3C2-4A63-9AA0-EF8C0F09B38C}.Debug|Any CPU.ActiveCfg = Debug|Any CPU
		{01A09651-A3C2-4A63-9AA0-EF8C0F09B38C}.Debug|Any CPU.Build.0 = Debug|Any CPU
		{01A09651-A3C2-4A63-9AA0-EF8C0F09B38C}.Release|Any CPU.ActiveCfg = Release|Any CPU
		{01A09651-A3C2-4A63-9AA0-EF8C0F09B38C}.Release|Any CPU.Build.0 = Release|Any CPU
		{5F4FC157-ABF5-48B4-95BB-1A62A6DB1BCA}.Debug|Any CPU.ActiveCfg = Debug|Any CPU
		{5F4FC157-ABF5-48B4-95BB-1A62A6DB1BCA}.Debug|Any CPU.Build.0 = Debug|Any CPU
		{5F4FC157-ABF5-48B4-95BB-1A62A6DB1BCA}.Release|Any CPU.ActiveCfg = Release|Any CPU
		{5F4FC157-ABF5-48B4-95BB-1A62A6DB1BCA}.Release|Any CPU.Build.0 = Release|Any CPU
	EndGlobalSection
	GlobalSection(SolutionProperties) = preSolution
		HideSolutionNode = FALSE
	EndGlobalSection
	GlobalSection(ExtensibilityGlobals) = postSolution
		SolutionGuid = {C6223901-BA3F-491C-B2E3-481DABF3AC55}
	EndGlobalSection
EndGlobal
